
Microsoft Visual Studio Solution File, Format Version 12.00
# Visual Studio Version 16
VisualStudioVersion = 16.0.28803.352
MinimumVisualStudioVersion = 10.0.40219.1
Project("{8BC9CEB8-8B4A-11D0-8D11-00A0C91BC942}") = "Ayame", "Ayame.vcxproj", "{96C01C03-FBFB-4BEC-A2AD-94C47450190A}"
EndProject
Global
	GlobalSection(SolutionConfigurationPlatforms) = preSolution
		Debug|x64 = Debug|x64
		Debug|x86 = Debug|x86
		Release|x64 = Release|x64
		Release|x86 = Release|x86
	EndGlobalSection
	GlobalSection(ProjectConfigurationPlatforms) = postSolution
		{96C01C03-FBFB-4BEC-A2AD-94C47450190A}.Debug|x64.ActiveCfg = Debug|x64
		{96C01C03-FBFB-4BEC-A2AD-94C47450190A}.Debug|x64.Build.0 = Debug|x64
		{96C01C03-FBFB-4BEC-A2AD-94C47450190A}.Debug|x86.ActiveCfg = Debug|Win32
		{96C01C03-FBFB-4BEC-A2AD-94C47450190A}.Debug|x86.Build.0 = Debug|Win32
		{96C01C03-FBFB-4BEC-A2AD-94C47450190A}.Release|x64.ActiveCfg = Release|x64
		{96C01C03-FBFB-4BEC-A2AD-94C47450190A}.Release|x64.Build.0 = Release|x64
		{96C01C03-FBFB-4BEC-A2AD-94C47450190A}.Release|x86.ActiveCfg = Release|Win32
		{96C01C03-FBFB-4BEC-A2AD-94C47450190A}.Release|x86.Build.0 = Release|Win32
	EndGlobalSection
	GlobalSection(SolutionProperties) = preSolution
		HideSolutionNode = FALSE
	EndGlobalSection
	GlobalSection(ExtensibilityGlobals) = postSolution
		SolutionGuid = {CBBD8C7D-13E6-4CDF-A083-4E506D27A43A}
	EndGlobalSection
EndGlobal
