<?xml version="1.0" encoding="utf-8"?>
<Project ToolsVersion="4.0" xmlns="http://schemas.microsoft.com/developer/msbuild/2003">
  <ItemGroup>
    <Filter Include="Source Files">
      <UniqueIdentifier>{4FC737F1-C7A5-4376-A066-2A32D752A2FF}</UniqueIdentifier>
      <Extensions>cpp;c;cc;cxx;def;odl;idl;hpj;bat;asm;asmx</Extensions>
    </Filter>
    <Filter Include="Header Files">
      <UniqueIdentifier>{93995380-89BD-4b04-88EB-625FBE52EBFB}</UniqueIdentifier>
      <Extensions>h;hh;hpp;hxx;hm;inl;inc;xsd</Extensions>
    </Filter>
    <Filter Include="Resource Files">
      <UniqueIdentifier>{67DA6AB6-F800-4c08-8B7A-83BB121AAD01}</UniqueIdentifier>
      <Extensions>rc;ico;cur;bmp;dlg;rc2;rct;bin;rgs;gif;jpg;jpeg;jpe;resx;tiff;tif;png;wav</Extensions>
    </Filter>
  </ItemGroup>
  <ItemGroup>
    <ClCompile Include="src\bitboard.cpp">
      <Filter>Source Files</Filter>
    </ClCompile>
    <ClCompile Include="src\evaluate.cpp">
      <Filter>Source Files</Filter>
    </ClCompile>
    <ClCompile Include="src\genmove.cpp">
      <Filter>Source Files</Filter>
    </ClCompile>
    <ClCompile Include="src\hash_table.cpp">
      <Filter>Source Files</Filter>
    </ClCompile>
    <ClCompile Include="src\learn.cpp">
      <Filter>Source Files</Filter>
    </ClCompile>
    <ClCompile Include="src\main.cpp">
      <Filter>Source Files</Filter>
    </ClCompile>
    <ClCompile Include="src\mate1ply.cpp">
      <Filter>Source Files</Filter>
    </ClCompile>
    <ClCompile Include="src\move.cpp">
      <Filter>Source Files</Filter>
    </ClCompile>
    <ClCompile Include="src\move_ordering.cpp">
      <Filter>Source Files</Filter>
    </ClCompile>
    <ClCompile Include="src\position.cpp">
      <Filter>Source Files</Filter>
    </ClCompile>
    <ClCompile Include="src\probability.cpp">
      <Filter>Source Files</Filter>
    </ClCompile>
    <ClCompile Include="src\search.cpp">
      <Filter>Source Files</Filter>
    </ClCompile>
    <ClCompile Include="src\selfplay.cpp">
      <Filter>Source Files</Filter>
    </ClCompile>
    <ClCompile Include="src\shogi.cpp">
      <Filter>Source Files</Filter>
    </ClCompile>
    <ClCompile Include="src\state.cpp">
      <Filter>Source Files</Filter>
    </ClCompile>
    <ClCompile Include="src\timer.cpp">
      <Filter>Source Files</Filter>
    </ClCompile>
    <ClCompile Include="src\usi.cpp">
      <Filter>Source Files</Filter>
    </ClCompile>
    <ClCompile Include="src\bench_and_test.cpp">
      <Filter>Source Files</Filter>
    </ClCompile>
  </ItemGroup>
  <ItemGroup>
    <ClInclude Include="sheena\bitop.hpp">
      <Filter>Header Files</Filter>
    </ClInclude>
    <ClInclude Include="sheena\common.hpp">
      <Filter>Header Files</Filter>
    </ClInclude>
    <ClInclude Include="sheena\file.hpp">
      <Filter>Header Files</Filter>
    </ClInclude>
    <ClInclude Include="sheena\math.hpp">
      <Filter>Header Files</Filter>
    </ClInclude>
    <ClInclude Include="sheena\mcts.hpp">
      <Filter>Header Files</Filter>
    </ClInclude>
    <ClInclude Include="sheena\sheena.hpp">
      <Filter>Header Files</Filter>
    </ClInclude>
    <ClInclude Include="sheena\simd.hpp">
      <Filter>Header Files</Filter>
    </ClInclude>
    <ClInclude Include="sheena\stopwatch.hpp">
      <Filter>Header Files</Filter>
    </ClInclude>
    <ClInclude Include="src\bitboard.hpp">
      <Filter>Header Files</Filter>
    </ClInclude>
    <ClInclude Include="src\evaluate.hpp">
      <Filter>Header Files</Filter>
    </ClInclude>
    <ClInclude Include="src\factorization_machine.hpp">
      <Filter>Header Files</Filter>
    </ClInclude>
    <ClInclude Include="src\hand.hpp">
      <Filter>Header Files</Filter>
    </ClInclude>
    <ClInclude Include="src\hash_table.hpp">
      <Filter>Header Files</Filter>
    </ClInclude>
    <ClInclude Include="src\learn.hpp">
      <Filter>Header Files</Filter>
    </ClInclude>
    <ClInclude Include="src\move.hpp">
      <Filter>Header Files</Filter>
    </ClInclude>
    <ClInclude Include="src\move_ordering.hpp">
      <Filter>Header Files</Filter>
    </ClInclude>
    <ClInclude Include="src\position.hpp">
      <Filter>Header Files</Filter>
    </ClInclude>
    <ClInclude Include="src\probability.hpp">
      <Filter>Header Files</Filter>
    </ClInclude>
    <ClInclude Include="src\search.hpp">
      <Filter>Header Files</Filter>
    </ClInclude>
    <ClInclude Include="src\shogi.hpp">
      <Filter>Header Files</Filter>
    </ClInclude>
    <ClInclude Include="src\state.hpp">
      <Filter>Header Files</Filter>
    </ClInclude>
    <ClInclude Include="src\statistics.hpp">
      <Filter>Header Files</Filter>
    </ClInclude>
    <ClInclude Include="src\timer.hpp">
      <Filter>Header Files</Filter>
    </ClInclude>
    <ClInclude Include="src\usi.hpp">
      <Filter>Header Files</Filter>
    </ClInclude>
    <ClInclude Include="src\bench_and_test.hpp">
      <Filter>Header Files</Filter>
    </ClInclude>
  </ItemGroup>
</Project>